
Microsoft Visual Studio Solution File, Format Version 12.00
# Visual Studio Version 16
VisualStudioVersion = 16.0.31515.178
MinimumVisualStudioVersion = 10.0.40219.1
Project("{FAE04EC0-301F-11D3-BF4B-00C04F79EFBC}") = "05Exercicio", "05Exercicio\05Exercicio.csproj", "{9A7D1D6E-8F2C-4D64-A92E-D62D145444DC}"
EndProject
Global
	GlobalSection(SolutionConfigurationPlatforms) = preSolution
		Debug|Any CPU = Debug|Any CPU
		Release|Any CPU = Release|Any CPU
	EndGlobalSection
	GlobalSection(ProjectConfigurationPlatforms) = postSolution
		{9A7D1D6E-8F2C-4D64-A92E-D62D145444DC}.Debug|Any CPU.ActiveCfg = Debug|Any CPU
		{9A7D1D6E-8F2C-4D64-A92E-D62D145444DC}.Debug|Any CPU.Build.0 = Debug|Any CPU
		{9A7D1D6E-8F2C-4D64-A92E-D62D145444DC}.Release|Any CPU.ActiveCfg = Release|Any CPU
		{9A7D1D6E-8F2C-4D64-A92E-D62D145444DC}.Release|Any CPU.Build.0 = Release|Any CPU
	EndGlobalSection
	GlobalSection(SolutionProperties) = preSolution
		HideSolutionNode = FALSE
	EndGlobalSection
	GlobalSection(ExtensibilityGlobals) = postSolution
		SolutionGuid = {0A319760-2FDE-4718-A2A5-8B94BF23BF06}
	EndGlobalSection
EndGlobal
