
Microsoft Visual Studio Solution File, Format Version 12.00
# Visual Studio Version 16
VisualStudioVersion = 16.0.31515.178
MinimumVisualStudioVersion = 10.0.40219.1
Project("{FAE04EC0-301F-11D3-BF4B-00C04F79EFBC}") = "07Array", "07Array\07Array.csproj", "{30473858-EB1A-4F7D-A978-713E391F105C}"
EndProject
Global
	GlobalSection(SolutionConfigurationPlatforms) = preSolution
		Debug|Any CPU = Debug|Any CPU
		Release|Any CPU = Release|Any CPU
	EndGlobalSection
	GlobalSection(ProjectConfigurationPlatforms) = postSolution
		{30473858-EB1A-4F7D-A978-713E391F105C}.Debug|Any CPU.ActiveCfg = Debug|Any CPU
		{30473858-EB1A-4F7D-A978-713E391F105C}.Debug|Any CPU.Build.0 = Debug|Any CPU
		{30473858-EB1A-4F7D-A978-713E391F105C}.Release|Any CPU.ActiveCfg = Release|Any CPU
		{30473858-EB1A-4F7D-A978-713E391F105C}.Release|Any CPU.Build.0 = Release|Any CPU
	EndGlobalSection
	GlobalSection(SolutionProperties) = preSolution
		HideSolutionNode = FALSE
	EndGlobalSection
	GlobalSection(ExtensibilityGlobals) = postSolution
		SolutionGuid = {8BCAFED0-4767-4E6D-B7DB-6DB528982ADA}
	EndGlobalSection
EndGlobal
